
Microsoft Visual Studio Solution File, Format Version 12.00
# Visual Studio Version 17
VisualStudioVersion = 17.5.002.0
MinimumVisualStudioVersion = 10.0.40219.1
Project("{9A19103F-16F7-4668-BE54-9A1E7A4F7556}") = "ActorDemo", "ActorDemo\ActorDemo.csproj", "{FF7870D3-3308-4273-A22E-BF1F64422831}"
EndProject
Project("{FAE04EC0-301F-11D3-BF4B-00C04F79EFBC}") = "ActorInterfaces", "ActorInterfaces\ActorInterfaces.csproj", "{0EA444B0-E53D-493F-B3F3-8381DE6D015B}"
EndProject
Global
	GlobalSection(SolutionConfigurationPlatforms) = preSolution
		Debug|Any CPU = Debug|Any CPU
		Release|Any CPU = Release|Any CPU
	EndGlobalSection
	GlobalSection(ProjectConfigurationPlatforms) = postSolution
		{FF7870D3-3308-4273-A22E-BF1F64422831}.Debug|Any CPU.ActiveCfg = Debug|Any CPU
		{FF7870D3-3308-4273-A22E-BF1F64422831}.Debug|Any CPU.Build.0 = Debug|Any CPU
		{FF7870D3-3308-4273-A22E-BF1F64422831}.Release|Any CPU.ActiveCfg = Release|Any CPU
		{FF7870D3-3308-4273-A22E-BF1F64422831}.Release|Any CPU.Build.0 = Release|Any CPU
		{0EA444B0-E53D-493F-B3F3-8381DE6D015B}.Debug|Any CPU.ActiveCfg = Debug|Any CPU
		{0EA444B0-E53D-493F-B3F3-8381DE6D015B}.Debug|Any CPU.Build.0 = Debug|Any CPU
		{0EA444B0-E53D-493F-B3F3-8381DE6D015B}.Release|Any CPU.ActiveCfg = Release|Any CPU
		{0EA444B0-E53D-493F-B3F3-8381DE6D015B}.Release|Any CPU.Build.0 = Release|Any CPU
	EndGlobalSection
	GlobalSection(SolutionProperties) = preSolution
		HideSolutionNode = FALSE
	EndGlobalSection
	GlobalSection(ExtensibilityGlobals) = postSolution
		SolutionGuid = {73803EE7-57CE-43C5-A619-F24D1E7056CB}
	EndGlobalSection
EndGlobal
